{
  "name": "node-ioc",
  "version": "1.0.0",
  "lockfileVersion": 1,
  "requires": true,
  "dependencies": {
    "@owja/ioc": {
      "version": "1.0.0-beta.2",
      "resolved": "https://registry.npmjs.org/@owja/ioc/-/ioc-1.0.0-beta.2.tgz",
      "integrity": "sha512-xbdJopZF/hVd6vE4WI4z8ffi8B+oQS1pq9X+9OEbL/Gx1aA5f+e5fq1mwcDZV6pJmqPbKv8eJEocTh0D0RxbmA=="
    }
  }
}
